
Microsoft Visual Studio Solution File, Format Version 11.00
# Visual Studio 2010
Project("{FAE04EC0-301F-11D3-BF4B-00C04F79EFBC}") = "RThomaz.Web", "RThomaz.Web\RThomaz.Web.csproj", "{6C985EFE-5B73-4139-BB9F-74BA9B6EE2F5}"
EndProject
Project("{FAE04EC0-301F-11D3-BF4B-00C04F79EFBC}") = "RThomaz.Data", "RThomaz.Data\RThomaz.Data.csproj", "{6C8EA669-DA3C-439D-892D-23E999B39DBF}"
EndProject
Global
	GlobalSection(SolutionConfigurationPlatforms) = preSolution
		Debug|Any CPU = Debug|Any CPU
		Release|Any CPU = Release|Any CPU
	EndGlobalSection
	GlobalSection(ProjectConfigurationPlatforms) = postSolution
		{6C985EFE-5B73-4139-BB9F-74BA9B6EE2F5}.Debug|Any CPU.ActiveCfg = Debug|Any CPU
		{6C985EFE-5B73-4139-BB9F-74BA9B6EE2F5}.Debug|Any CPU.Build.0 = Debug|Any CPU
		{6C985EFE-5B73-4139-BB9F-74BA9B6EE2F5}.Release|Any CPU.ActiveCfg = Release|Any CPU
		{6C985EFE-5B73-4139-BB9F-74BA9B6EE2F5}.Release|Any CPU.Build.0 = Release|Any CPU
		{6C8EA669-DA3C-439D-892D-23E999B39DBF}.Debug|Any CPU.ActiveCfg = Debug|Any CPU
		{6C8EA669-DA3C-439D-892D-23E999B39DBF}.Debug|Any CPU.Build.0 = Debug|Any CPU
		{6C8EA669-DA3C-439D-892D-23E999B39DBF}.Release|Any CPU.ActiveCfg = Release|Any CPU
		{6C8EA669-DA3C-439D-892D-23E999B39DBF}.Release|Any CPU.Build.0 = Release|Any CPU
	EndGlobalSection
	GlobalSection(SolutionProperties) = preSolution
		HideSolutionNode = FALSE
	EndGlobalSection
EndGlobal
